
Microsoft Visual Studio Solution File, Format Version 12.00
# Visual Studio 14
VisualStudioVersion = 14.0.25420.1
MinimumVisualStudioVersion = 10.0.40219.1
Project("{FAE04EC0-301F-11D3-BF4B-00C04F79EFBC}") = "myTest", "myTest\myTest.csproj", "{5A442E80-71F5-4E3C-BD69-75D5C1119750}"
EndProject
Project("{FAE04EC0-301F-11D3-BF4B-00C04F79EFBC}") = "testWebApplication", "testWebApplication\testWebApplication.csproj", "{EF26FACA-D03B-48D1-B48B-1D55F8315997}"
EndProject
Global
	GlobalSection(SolutionConfigurationPlatforms) = preSolution
		Debug|Any CPU = Debug|Any CPU
		Release|Any CPU = Release|Any CPU
	EndGlobalSection
	GlobalSection(ProjectConfigurationPlatforms) = postSolution
		{5A442E80-71F5-4E3C-BD69-75D5C1119750}.Debug|Any CPU.ActiveCfg = Debug|Any CPU
		{5A442E80-71F5-4E3C-BD69-75D5C1119750}.Debug|Any CPU.Build.0 = Debug|Any CPU
		{5A442E80-71F5-4E3C-BD69-75D5C1119750}.Release|Any CPU.ActiveCfg = Release|Any CPU
		{5A442E80-71F5-4E3C-BD69-75D5C1119750}.Release|Any CPU.Build.0 = Release|Any CPU
		{EF26FACA-D03B-48D1-B48B-1D55F8315997}.Debug|Any CPU.ActiveCfg = Debug|Any CPU
		{EF26FACA-D03B-48D1-B48B-1D55F8315997}.Debug|Any CPU.Build.0 = Debug|Any CPU
		{EF26FACA-D03B-48D1-B48B-1D55F8315997}.Release|Any CPU.ActiveCfg = Release|Any CPU
		{EF26FACA-D03B-48D1-B48B-1D55F8315997}.Release|Any CPU.Build.0 = Release|Any CPU
	EndGlobalSection
	GlobalSection(SolutionProperties) = preSolution
		HideSolutionNode = FALSE
	EndGlobalSection
EndGlobal
